{
    "name": "FutureSDR Website",
    "version": "0.0.1",
    "lockfileVersion": 2,
    "requires": true,
    "packages": {
        "": {
            "name": "FutureSDR Website",
            "version": "0.0.1",
            "license": "MIT",
            "dependencies": {
                "@fortawesome/fontawesome-free": "^5.15.4",
                "bootstrap": "^5.1.0",
                "fontawesome-free": "^1.0.4",
                "highlight.js": "^11.2.0",
                "jquery": "^3.6.0",
                "opensans-npm-webfont": "^1.0.0",
                "photoswipe": "^4.1.3",
                "popper.js": "^1.13.0"
            }
        },
        "node_modules/@fortawesome/fontawesome-free": {
            "version": "5.15.4",
            "resolved": "https://registry.npmjs.org/@fortawesome/fontawesome-free/-/fontawesome-free-5.15.4.tgz",
            "integrity": "sha512-eYm8vijH/hpzr/6/1CJ/V/Eb1xQFW2nnUKArb3z+yUWv7HTwj6M7SP957oMjfZjAHU6qpoNc2wQvIxBLWYa/Jg==",
            "hasInstallScript": true,
            "engines": {
                "node": ">=6"
            }
        },
        "node_modules/@popperjs/core": {
            "version": "2.11.2",
            "resolved": "https://registry.npmjs.org/@popperjs/core/-/core-2.11.2.tgz",
            "integrity": "sha512-92FRmppjjqz29VMJ2dn+xdyXZBrMlE42AV6Kq6BwjWV7CNUW1hs2FtxSNLQE+gJhaZ6AAmYuO9y8dshhcBl7vA==",
            "peer": true,
            "funding": {
                "type": "opencollective",
                "url": "https://opencollective.com/popperjs"
            }
        },
        "node_modules/bootstrap": {
            "version": "5.1.3",
            "resolved": "https://registry.npmjs.org/bootstrap/-/bootstrap-5.1.3.tgz",
            "integrity": "sha512-fcQztozJ8jToQWXxVuEyXWW+dSo8AiXWKwiSSrKWsRB/Qt+Ewwza+JWoLKiTuQLaEPhdNAJ7+Dosc9DOIqNy7Q==",
            "funding": {
                "type": "opencollective",
                "url": "https://opencollective.com/bootstrap"
            },
            "peerDependencies": {
                "@popperjs/core": "^2.10.2"
            }
        },
        "node_modules/fontawesome-free": {
            "version": "1.0.4",
            "resolved": "https://registry.npmjs.org/fontawesome-free/-/fontawesome-free-1.0.4.tgz",
            "integrity": "sha512-7sX6Lbg2oQiClFFFFitJlKg20h3YTBON6rdmq3uGjNwDo8G6EjF2bfj2OjjcCUmf4OvZCgyHaXfW2JseqissLw=="
        },
        "node_modules/highlight.js": {
            "version": "11.4.0",
            "resolved": "https://registry.npmjs.org/highlight.js/-/highlight.js-11.4.0.tgz",
            "integrity": "sha512-nawlpCBCSASs7EdvZOYOYVkJpGmAOKMYZgZtUqSRqodZE0GRVcFKwo1RcpeOemqh9hyttTdd5wDBwHkuSyUfnA==",
            "engines": {
                "node": ">=12.0.0"
            }
        },
        "node_modules/jquery": {
            "version": "3.6.0",
            "resolved": "https://registry.npmjs.org/jquery/-/jquery-3.6.0.tgz",
            "integrity": "sha512-JVzAR/AjBvVt2BmYhxRCSYysDsPcssdmTFnzyLEts9qNwmjmu4JTAMYubEfwVOSwpQ1I1sKKFcxhZCI2buerfw=="
        },
        "node_modules/opensans-npm-webfont": {
            "version": "1.0.0",
            "resolved": "https://registry.npmjs.org/opensans-npm-webfont/-/opensans-npm-webfont-1.0.0.tgz",
            "integrity": "sha512-2ehgrX+NpoxLOil30tYGr0cDsDXSJn9gon6PfM1Ki0CxZF6ui9Mi6Dm5DGglKyK2QiX0gMb6Ch7VmRHwfc4M6Q=="
        },
        "node_modules/photoswipe": {
            "version": "4.1.3",
            "resolved": "https://registry.npmjs.org/photoswipe/-/photoswipe-4.1.3.tgz",
            "integrity": "sha512-89Z43IRUyw7ycTolo+AaiDn3W1EEIfox54hERmm9bI12IB9cvRfHSHez3XhAyU8XW2EAFrC+2sKMhh7SJwn0bA==",
            "engines": {
                "node": ">= 0.8.0"
            }
        },
        "node_modules/popper.js": {
            "version": "1.16.1",
            "resolved": "https://registry.npmjs.org/popper.js/-/popper.js-1.16.1.tgz",
            "integrity": "sha512-Wb4p1J4zyFTbM+u6WuO4XstYx4Ky9Cewe4DWrel7B0w6VVICvPwdOpotjzcf6eD8TsckVnIMNONQyPIUFOUbCQ==",
            "deprecated": "You can find the new Popper v2 at @popperjs/core, this package is dedicated to the legacy v1",
            "funding": {
                "type": "opencollective",
                "url": "https://opencollective.com/popperjs"
            }
        }
    },
    "dependencies": {
        "@fortawesome/fontawesome-free": {
            "version": "5.15.4",
            "resolved": "https://registry.npmjs.org/@fortawesome/fontawesome-free/-/fontawesome-free-5.15.4.tgz",
            "integrity": "sha512-eYm8vijH/hpzr/6/1CJ/V/Eb1xQFW2nnUKArb3z+yUWv7HTwj6M7SP957oMjfZjAHU6qpoNc2wQvIxBLWYa/Jg=="
        },
        "@popperjs/core": {
            "version": "2.11.2",
            "resolved": "https://registry.npmjs.org/@popperjs/core/-/core-2.11.2.tgz",
            "integrity": "sha512-92FRmppjjqz29VMJ2dn+xdyXZBrMlE42AV6Kq6BwjWV7CNUW1hs2FtxSNLQE+gJhaZ6AAmYuO9y8dshhcBl7vA==",
            "peer": true
        },
        "bootstrap": {
            "version": "5.1.3",
            "resolved": "https://registry.npmjs.org/bootstrap/-/bootstrap-5.1.3.tgz",
            "integrity": "sha512-fcQztozJ8jToQWXxVuEyXWW+dSo8AiXWKwiSSrKWsRB/Qt+Ewwza+JWoLKiTuQLaEPhdNAJ7+Dosc9DOIqNy7Q==",
            "requires": {}
        },
        "fontawesome-free": {
            "version": "1.0.4",
            "resolved": "https://registry.npmjs.org/fontawesome-free/-/fontawesome-free-1.0.4.tgz",
            "integrity": "sha512-7sX6Lbg2oQiClFFFFitJlKg20h3YTBON6rdmq3uGjNwDo8G6EjF2bfj2OjjcCUmf4OvZCgyHaXfW2JseqissLw=="
        },
        "highlight.js": {
            "version": "11.4.0",
            "resolved": "https://registry.npmjs.org/highlight.js/-/highlight.js-11.4.0.tgz",
            "integrity": "sha512-nawlpCBCSASs7EdvZOYOYVkJpGmAOKMYZgZtUqSRqodZE0GRVcFKwo1RcpeOemqh9hyttTdd5wDBwHkuSyUfnA=="
        },
        "jquery": {
            "version": "3.6.0",
            "resolved": "https://registry.npmjs.org/jquery/-/jquery-3.6.0.tgz",
            "integrity": "sha512-JVzAR/AjBvVt2BmYhxRCSYysDsPcssdmTFnzyLEts9qNwmjmu4JTAMYubEfwVOSwpQ1I1sKKFcxhZCI2buerfw=="
        },
        "opensans-npm-webfont": {
            "version": "1.0.0",
            "resolved": "https://registry.npmjs.org/opensans-npm-webfont/-/opensans-npm-webfont-1.0.0.tgz",
            "integrity": "sha512-2ehgrX+NpoxLOil30tYGr0cDsDXSJn9gon6PfM1Ki0CxZF6ui9Mi6Dm5DGglKyK2QiX0gMb6Ch7VmRHwfc4M6Q=="
        },
        "photoswipe": {
            "version": "4.1.3",
            "resolved": "https://registry.npmjs.org/photoswipe/-/photoswipe-4.1.3.tgz",
            "integrity": "sha512-89Z43IRUyw7ycTolo+AaiDn3W1EEIfox54hERmm9bI12IB9cvRfHSHez3XhAyU8XW2EAFrC+2sKMhh7SJwn0bA=="
        },
        "popper.js": {
            "version": "1.16.1",
            "resolved": "https://registry.npmjs.org/popper.js/-/popper.js-1.16.1.tgz",
            "integrity": "sha512-Wb4p1J4zyFTbM+u6WuO4XstYx4Ky9Cewe4DWrel7B0w6VVICvPwdOpotjzcf6eD8TsckVnIMNONQyPIUFOUbCQ=="
        }
    }
}
